
Microsoft Visual Studio Solution File, Format Version 12.00
# Visual Studio Version 17
VisualStudioVersion = 17.4.33205.214
MinimumVisualStudioVersion = 10.0.40219.1
Project("{FAE04EC0-301F-11D3-BF4B-00C04F79EFBC}") = "Veri_tabanlı_parti_uygulaması", "Veri_tabanlı_parti_uygulaması\Veri_tabanlı_parti_uygulaması.csproj", "{644C09F8-51F5-4C3F-94BF-FC5334361223}"
EndProject
Global
	GlobalSection(SolutionConfigurationPlatforms) = preSolution
		Debug|Any CPU = Debug|Any CPU
		Release|Any CPU = Release|Any CPU
	EndGlobalSection
	GlobalSection(ProjectConfigurationPlatforms) = postSolution
		{644C09F8-51F5-4C3F-94BF-FC5334361223}.Debug|Any CPU.ActiveCfg = Debug|Any CPU
		{644C09F8-51F5-4C3F-94BF-FC5334361223}.Debug|Any CPU.Build.0 = Debug|Any CPU
		{644C09F8-51F5-4C3F-94BF-FC5334361223}.Release|Any CPU.ActiveCfg = Release|Any CPU
		{644C09F8-51F5-4C3F-94BF-FC5334361223}.Release|Any CPU.Build.0 = Release|Any CPU
	EndGlobalSection
	GlobalSection(SolutionProperties) = preSolution
		HideSolutionNode = FALSE
	EndGlobalSection
	GlobalSection(ExtensibilityGlobals) = postSolution
		SolutionGuid = {F9198A77-D6E9-4372-A01B-2C010C60DCA5}
	EndGlobalSection
EndGlobal
